
Microsoft Visual Studio Solution File, Format Version 12.00
# Visual Studio Version 16
VisualStudioVersion = 16.0.29102.190
MinimumVisualStudioVersion = 10.0.40219.1
Project("{8BC9CEB8-8B4A-11D0-8D11-00A0C91BC942}") = "test-10-17模板进阶", "test-10-17模板进阶.vcxproj", "{FA885050-E9DC-425E-A02D-F90B28C4B515}"
EndProject
Global
	GlobalSection(SolutionConfigurationPlatforms) = preSolution
		Debug|x64 = Debug|x64
		Debug|x86 = Debug|x86
		Release|x64 = Release|x64
		Release|x86 = Release|x86
	EndGlobalSection
	GlobalSection(ProjectConfigurationPlatforms) = postSolution
		{FA885050-E9DC-425E-A02D-F90B28C4B515}.Debug|x64.ActiveCfg = Debug|x64
		{FA885050-E9DC-425E-A02D-F90B28C4B515}.Debug|x64.Build.0 = Debug|x64
		{FA885050-E9DC-425E-A02D-F90B28C4B515}.Debug|x86.ActiveCfg = Debug|Win32
		{FA885050-E9DC-425E-A02D-F90B28C4B515}.Debug|x86.Build.0 = Debug|Win32
		{FA885050-E9DC-425E-A02D-F90B28C4B515}.Release|x64.ActiveCfg = Release|x64
		{FA885050-E9DC-425E-A02D-F90B28C4B515}.Release|x64.Build.0 = Release|x64
		{FA885050-E9DC-425E-A02D-F90B28C4B515}.Release|x86.ActiveCfg = Release|Win32
		{FA885050-E9DC-425E-A02D-F90B28C4B515}.Release|x86.Build.0 = Release|Win32
	EndGlobalSection
	GlobalSection(SolutionProperties) = preSolution
		HideSolutionNode = FALSE
	EndGlobalSection
	GlobalSection(ExtensibilityGlobals) = postSolution
		SolutionGuid = {E2A7A57B-9B90-445F-8A52-177FB3D8395A}
	EndGlobalSection
EndGlobal
