
Microsoft Visual Studio Solution File, Format Version 12.00
# Visual Studio Version 16
VisualStudioVersion = 16.0.29102.190
MinimumVisualStudioVersion = 10.0.40219.1
Project("{8BC9CEB8-8B4A-11D0-8D11-00A0C91BC942}") = "test-7-23-1", "test-7-23-1.vcxproj", "{A24B7178-3778-4D25-B1D2-A2C24C63D61C}"
EndProject
Global
	GlobalSection(SolutionConfigurationPlatforms) = preSolution
		Debug|x64 = Debug|x64
		Debug|x86 = Debug|x86
		Release|x64 = Release|x64
		Release|x86 = Release|x86
	EndGlobalSection
	GlobalSection(ProjectConfigurationPlatforms) = postSolution
		{A24B7178-3778-4D25-B1D2-A2C24C63D61C}.Debug|x64.ActiveCfg = Debug|x64
		{A24B7178-3778-4D25-B1D2-A2C24C63D61C}.Debug|x64.Build.0 = Debug|x64
		{A24B7178-3778-4D25-B1D2-A2C24C63D61C}.Debug|x86.ActiveCfg = Debug|Win32
		{A24B7178-3778-4D25-B1D2-A2C24C63D61C}.Debug|x86.Build.0 = Debug|Win32
		{A24B7178-3778-4D25-B1D2-A2C24C63D61C}.Release|x64.ActiveCfg = Release|x64
		{A24B7178-3778-4D25-B1D2-A2C24C63D61C}.Release|x64.Build.0 = Release|x64
		{A24B7178-3778-4D25-B1D2-A2C24C63D61C}.Release|x86.ActiveCfg = Release|Win32
		{A24B7178-3778-4D25-B1D2-A2C24C63D61C}.Release|x86.Build.0 = Release|Win32
	EndGlobalSection
	GlobalSection(SolutionProperties) = preSolution
		HideSolutionNode = FALSE
	EndGlobalSection
	GlobalSection(ExtensibilityGlobals) = postSolution
		SolutionGuid = {7283FCA0-35CE-412B-B08A-579D79ECD740}
	EndGlobalSection
EndGlobal
