
Microsoft Visual Studio Solution File, Format Version 12.00
# Visual Studio Version 16
VisualStudioVersion = 16.0.28922.388
MinimumVisualStudioVersion = 10.0.40219.1
Project("{8BC9CEB8-8B4A-11D0-8D11-00A0C91BC942}") = "test-6-5-1", "test-6-5-1.vcxproj", "{B2727ABE-DEA0-434F-AE97-36C588B8D678}"
EndProject
Global
	GlobalSection(SolutionConfigurationPlatforms) = preSolution
		Debug|x64 = Debug|x64
		Debug|x86 = Debug|x86
		Release|x64 = Release|x64
		Release|x86 = Release|x86
	EndGlobalSection
	GlobalSection(ProjectConfigurationPlatforms) = postSolution
		{B2727ABE-DEA0-434F-AE97-36C588B8D678}.Debug|x64.ActiveCfg = Debug|x64
		{B2727ABE-DEA0-434F-AE97-36C588B8D678}.Debug|x64.Build.0 = Debug|x64
		{B2727ABE-DEA0-434F-AE97-36C588B8D678}.Debug|x86.ActiveCfg = Debug|Win32
		{B2727ABE-DEA0-434F-AE97-36C588B8D678}.Debug|x86.Build.0 = Debug|Win32
		{B2727ABE-DEA0-434F-AE97-36C588B8D678}.Release|x64.ActiveCfg = Release|x64
		{B2727ABE-DEA0-434F-AE97-36C588B8D678}.Release|x64.Build.0 = Release|x64
		{B2727ABE-DEA0-434F-AE97-36C588B8D678}.Release|x86.ActiveCfg = Release|Win32
		{B2727ABE-DEA0-434F-AE97-36C588B8D678}.Release|x86.Build.0 = Release|Win32
	EndGlobalSection
	GlobalSection(SolutionProperties) = preSolution
		HideSolutionNode = FALSE
	EndGlobalSection
	GlobalSection(ExtensibilityGlobals) = postSolution
		SolutionGuid = {4E24B76A-06DC-4F30-B7C2-1EC3F362F12C}
	EndGlobalSection
EndGlobal
