
Microsoft Visual Studio Solution File, Format Version 12.00
# Visual Studio Version 16
VisualStudioVersion = 16.0.29102.190
MinimumVisualStudioVersion = 10.0.40219.1
Project("{8BC9CEB8-8B4A-11D0-8D11-00A0C91BC942}") = "test-7-25-2", "test-7-25-2.vcxproj", "{58FCF5FB-93AD-422D-ABF8-EEF5C05B05C5}"
EndProject
Global
	GlobalSection(SolutionConfigurationPlatforms) = preSolution
		Debug|x64 = Debug|x64
		Debug|x86 = Debug|x86
		Release|x64 = Release|x64
		Release|x86 = Release|x86
	EndGlobalSection
	GlobalSection(ProjectConfigurationPlatforms) = postSolution
		{58FCF5FB-93AD-422D-ABF8-EEF5C05B05C5}.Debug|x64.ActiveCfg = Debug|x64
		{58FCF5FB-93AD-422D-ABF8-EEF5C05B05C5}.Debug|x64.Build.0 = Debug|x64
		{58FCF5FB-93AD-422D-ABF8-EEF5C05B05C5}.Debug|x86.ActiveCfg = Debug|Win32
		{58FCF5FB-93AD-422D-ABF8-EEF5C05B05C5}.Debug|x86.Build.0 = Debug|Win32
		{58FCF5FB-93AD-422D-ABF8-EEF5C05B05C5}.Release|x64.ActiveCfg = Release|x64
		{58FCF5FB-93AD-422D-ABF8-EEF5C05B05C5}.Release|x64.Build.0 = Release|x64
		{58FCF5FB-93AD-422D-ABF8-EEF5C05B05C5}.Release|x86.ActiveCfg = Release|Win32
		{58FCF5FB-93AD-422D-ABF8-EEF5C05B05C5}.Release|x86.Build.0 = Release|Win32
	EndGlobalSection
	GlobalSection(SolutionProperties) = preSolution
		HideSolutionNode = FALSE
	EndGlobalSection
	GlobalSection(ExtensibilityGlobals) = postSolution
		SolutionGuid = {98705BEA-BAA4-4112-9791-D33BFA930006}
	EndGlobalSection
EndGlobal
